
Microsoft Visual Studio Solution File, Format Version 11.00
# Visual Studio 2010
Project("{FAE04EC0-301F-11D3-BF4B-00C04F79EFBC}") = "UnityEngine.TestRunner", "UnityEngine.TestRunner.csproj", "{b6f2362a-b156-d1eb-c8fd-4ed6fa63c90f}"
EndProject
Project("{FAE04EC0-301F-11D3-BF4B-00C04F79EFBC}") = "UnityEngine.UI", "UnityEngine.UI.csproj", "{be4aee83-8e41-9785-1e85-145e7d180114}"
EndProject
Project("{FAE04EC0-301F-11D3-BF4B-00C04F79EFBC}") = "Unity.VisualScripting.Flow", "Unity.VisualScripting.Flow.csproj", "{3787d19e-959d-6fc2-8acf-993da0672bea}"
EndProject
Project("{FAE04EC0-301F-11D3-BF4B-00C04F79EFBC}") = "Unity.Mathematics", "Unity.Mathematics.csproj", "{bad8b14e-7b3e-d46c-753e-9dd211d71825}"
EndProject
Project("{FAE04EC0-301F-11D3-BF4B-00C04F79EFBC}") = "Unity.VisualScripting.State", "Unity.VisualScripting.State.csproj", "{13943809-5397-08f3-3b4f-620d1c7a9f34}"
EndProject
Project("{FAE04EC0-301F-11D3-BF4B-00C04F79EFBC}") = "Unity.VisualScripting.Core", "Unity.VisualScripting.Core.csproj", "{8d0f72ed-c178-44ef-604a-f2fe5b9f611f}"
EndProject
Project("{FAE04EC0-301F-11D3-BF4B-00C04F79EFBC}") = "Unity.Burst", "Unity.Burst.csproj", "{3e0e7204-6f80-83da-dbf2-4583b6d16ddc}"
EndProject
Project("{FAE04EC0-301F-11D3-BF4B-00C04F79EFBC}") = "Unity.2D.Animation.Runtime", "Unity.2D.Animation.Runtime.csproj", "{26cf7ba9-8c49-2a72-79fe-519b3fc09f66}"
EndProject
Project("{FAE04EC0-301F-11D3-BF4B-00C04F79EFBC}") = "Unity.TextMeshPro", "Unity.TextMeshPro.csproj", "{4dc1ad72-c144-6823-f7e3-df3ed7164027}"
EndProject
Project("{FAE04EC0-301F-11D3-BF4B-00C04F79EFBC}") = "Unity.Timeline", "Unity.Timeline.csproj", "{6bd75228-c396-13b6-6fff-b0911b15add0}"
EndProject
Project("{FAE04EC0-301F-11D3-BF4B-00C04F79EFBC}") = "Unity.2D.SpriteShape.Runtime", "Unity.2D.SpriteShape.Runtime.csproj", "{1246e1f5-0e5f-7610-34f6-927c0c00ba75}"
EndProject
Project("{FAE04EC0-301F-11D3-BF4B-00C04F79EFBC}") = "Unity.2D.PixelPerfect", "Unity.2D.PixelPerfect.csproj", "{cad70129-0775-f7db-25a8-4b2babe31364}"
EndProject
Project("{FAE04EC0-301F-11D3-BF4B-00C04F79EFBC}") = "Unity.2D.Common.Runtime", "Unity.2D.Common.Runtime.csproj", "{9b924bb4-7d7c-64f6-6a6f-505afa21da41}"
EndProject
Project("{FAE04EC0-301F-11D3-BF4B-00C04F79EFBC}") = "Unity.2D.IK.Runtime", "Unity.2D.IK.Runtime.csproj", "{01515f7f-f840-43d7-9b34-cddd307b9c19}"
EndProject
Project("{FAE04EC0-301F-11D3-BF4B-00C04F79EFBC}") = "Assembly-CSharp", "Assembly-CSharp.csproj", "{c6b29b14-d2b0-2abc-6b66-74316cce7572}"
EndProject
Project("{FAE04EC0-301F-11D3-BF4B-00C04F79EFBC}") = "Unity.2D.Tilemap.Extras", "Unity.2D.Tilemap.Extras.csproj", "{3efa12ca-fc77-62b2-dfef-a0a62accb380}"
EndProject
Project("{FAE04EC0-301F-11D3-BF4B-00C04F79EFBC}") = "Unity.InternalAPIEngineBridge.001", "Unity.InternalAPIEngineBridge.001.csproj", "{b97ee652-2c7b-c2a4-22a9-12f302724677}"
EndProject
Project("{FAE04EC0-301F-11D3-BF4B-00C04F79EFBC}") = "Unity.PlasticSCM.Editor", "Unity.PlasticSCM.Editor.csproj", "{9ea8a375-4163-5513-e091-ac7173260582}"
EndProject
Project("{FAE04EC0-301F-11D3-BF4B-00C04F79EFBC}") = "Unity.VisualScripting.Core.Editor", "Unity.VisualScripting.Core.Editor.csproj", "{d7b8dacd-60fb-b9b4-e077-abacf9bfbd1d}"
EndProject
Project("{FAE04EC0-301F-11D3-BF4B-00C04F79EFBC}") = "Unity.VisualScripting.Flow.Editor", "Unity.VisualScripting.Flow.Editor.csproj", "{a2286562-e88a-cb9f-5ca7-3224d8deda9d}"
EndProject
Project("{FAE04EC0-301F-11D3-BF4B-00C04F79EFBC}") = "Unity.VisualStudio.Editor", "Unity.VisualStudio.Editor.csproj", "{35a03bd3-cb6d-5062-8c46-c1c3d58de02b}"
EndProject
Project("{FAE04EC0-301F-11D3-BF4B-00C04F79EFBC}") = "Unity.Timeline.Editor", "Unity.Timeline.Editor.csproj", "{09ca6290-ee66-f67c-51c0-0c4a125eb343}"
EndProject
Project("{FAE04EC0-301F-11D3-BF4B-00C04F79EFBC}") = "Unity.VisualScripting.State.Editor", "Unity.VisualScripting.State.Editor.csproj", "{a0a402ff-0cc5-69ab-cfde-7e577ec50c00}"
EndProject
Project("{FAE04EC0-301F-11D3-BF4B-00C04F79EFBC}") = "Unity.TextMeshPro.Editor", "Unity.TextMeshPro.Editor.csproj", "{a45b27d5-b678-1fe4-2be4-4102bf56cf64}"
EndProject
Project("{FAE04EC0-301F-11D3-BF4B-00C04F79EFBC}") = "Unity.2D.PixelPerfect.Editor", "Unity.2D.PixelPerfect.Editor.csproj", "{892b7701-6691-5d76-93fe-064934646691}"
EndProject
Project("{FAE04EC0-301F-11D3-BF4B-00C04F79EFBC}") = "Unity.2D.Animation.Editor", "Unity.2D.Animation.Editor.csproj", "{6a37938e-269e-b83c-1194-3c433da04fae}"
EndProject
Project("{FAE04EC0-301F-11D3-BF4B-00C04F79EFBC}") = "Unity.VisualScripting.SettingsProvider.Editor", "Unity.VisualScripting.SettingsProvider.Editor.csproj", "{7c939a01-5b7e-cea0-5d97-911be94327c6}"
EndProject
Project("{FAE04EC0-301F-11D3-BF4B-00C04F79EFBC}") = "Unity.2D.Psdimporter.Editor", "Unity.2D.Psdimporter.Editor.csproj", "{689f95ee-d046-0a51-bffe-c47f3d566203}"
EndProject
Project("{FAE04EC0-301F-11D3-BF4B-00C04F79EFBC}") = "UnityEditor.TestRunner", "UnityEditor.TestRunner.csproj", "{e7387a80-ec4b-ced6-0e71-1bc4b1f8530d}"
EndProject
Project("{FAE04EC0-301F-11D3-BF4B-00C04F79EFBC}") = "Unity.2D.Tilemap.Editor", "Unity.2D.Tilemap.Editor.csproj", "{3d91d5ec-caa2-be14-86e4-08a093cca3ce}"
EndProject
Project("{FAE04EC0-301F-11D3-BF4B-00C04F79EFBC}") = "Unity.Rider.Editor", "Unity.Rider.Editor.csproj", "{f6856fbd-f41d-a893-cd19-5897a292dd94}"
EndProject
Project("{FAE04EC0-301F-11D3-BF4B-00C04F79EFBC}") = "Unity.2D.Path.Editor", "Unity.2D.Path.Editor.csproj", "{34335a96-1266-0031-e7cb-d697aaf2c02f}"
EndProject
Project("{FAE04EC0-301F-11D3-BF4B-00C04F79EFBC}") = "PsdPlugin", "PsdPlugin.csproj", "{8cd3d237-d776-6d55-849f-0efcfc442322}"
EndProject
Project("{FAE04EC0-301F-11D3-BF4B-00C04F79EFBC}") = "Unity.2D.IK.Editor", "Unity.2D.IK.Editor.csproj", "{034000c8-7cd4-8cdc-bcec-0b1f061fed39}"
EndProject
Project("{FAE04EC0-301F-11D3-BF4B-00C04F79EFBC}") = "Unity.2D.SpriteShape.Editor", "Unity.2D.SpriteShape.Editor.csproj", "{bbd7b469-1211-a74a-56fe-29f338122b41}"
EndProject
Project("{FAE04EC0-301F-11D3-BF4B-00C04F79EFBC}") = "Unity.Burst.CodeGen", "Unity.Burst.CodeGen.csproj", "{5a149868-30bd-9e00-8435-89cd8aa82c7a}"
EndProject
Project("{FAE04EC0-301F-11D3-BF4B-00C04F79EFBC}") = "Unity.VSCode.Editor", "Unity.VSCode.Editor.csproj", "{d0150f14-c004-a213-8238-5c5cf0d22040}"
EndProject
Project("{FAE04EC0-301F-11D3-BF4B-00C04F79EFBC}") = "Unity.2D.Sprite.Editor", "Unity.2D.Sprite.Editor.csproj", "{2df6bdd4-9137-224b-4a1a-6d0b44a80538}"
EndProject
Project("{FAE04EC0-301F-11D3-BF4B-00C04F79EFBC}") = "UnityEditor.UI", "UnityEditor.UI.csproj", "{0aa70cde-5264-35c6-9413-d2239b249b70}"
EndProject
Project("{FAE04EC0-301F-11D3-BF4B-00C04F79EFBC}") = "Unity.2D.Common.Editor", "Unity.2D.Common.Editor.csproj", "{d2f4ebef-2048-ecb6-b161-f5a13aa7d5e0}"
EndProject
Project("{FAE04EC0-301F-11D3-BF4B-00C04F79EFBC}") = "Unity.CollabProxy.Editor", "Unity.CollabProxy.Editor.csproj", "{edf441aa-3692-ccdb-90f7-c74ae62f2bd0}"
EndProject
Project("{FAE04EC0-301F-11D3-BF4B-00C04F79EFBC}") = "Unity.Mathematics.Editor", "Unity.Mathematics.Editor.csproj", "{cf130c30-eda4-ca24-d518-92ebaae82386}"
EndProject
Project("{FAE04EC0-301F-11D3-BF4B-00C04F79EFBC}") = "Unity.2D.Tilemap.Extras.Editor", "Unity.2D.Tilemap.Extras.Editor.csproj", "{9ec58560-50ea-f4a6-3199-7a9699e10497}"
EndProject
Project("{FAE04EC0-301F-11D3-BF4B-00C04F79EFBC}") = "Unity.Burst.Editor", "Unity.Burst.Editor.csproj", "{7d7b52c0-5ea0-e128-4eba-924b164b59fa}"
EndProject
Project("{FAE04EC0-301F-11D3-BF4B-00C04F79EFBC}") = "Unity.InternalAPIEditorBridge.001", "Unity.InternalAPIEditorBridge.001.csproj", "{65f9e5c7-0441-b5b6-3601-892c0e077190}"
EndProject
Project("{FAE04EC0-301F-11D3-BF4B-00C04F79EFBC}") = "Unity.VisualScripting.Shared.Editor", "Unity.VisualScripting.Shared.Editor.csproj", "{1c93294b-7656-655e-89ac-c432647bdfe8}"
EndProject
Global
	GlobalSection(SolutionConfigurationPlatforms) = preSolution
		Debug|Any CPU = Debug|Any CPU
	EndGlobalSection
	GlobalSection(ProjectConfigurationPlatforms) = postSolution
		{b6f2362a-b156-d1eb-c8fd-4ed6fa63c90f}.Debug|Any CPU.ActiveCfg = Debug|Any CPU
		{b6f2362a-b156-d1eb-c8fd-4ed6fa63c90f}.Debug|Any CPU.Build.0 = Debug|Any CPU
		{be4aee83-8e41-9785-1e85-145e7d180114}.Debug|Any CPU.ActiveCfg = Debug|Any CPU
		{be4aee83-8e41-9785-1e85-145e7d180114}.Debug|Any CPU.Build.0 = Debug|Any CPU
		{3787d19e-959d-6fc2-8acf-993da0672bea}.Debug|Any CPU.ActiveCfg = Debug|Any CPU
		{3787d19e-959d-6fc2-8acf-993da0672bea}.Debug|Any CPU.Build.0 = Debug|Any CPU
		{bad8b14e-7b3e-d46c-753e-9dd211d71825}.Debug|Any CPU.ActiveCfg = Debug|Any CPU
		{bad8b14e-7b3e-d46c-753e-9dd211d71825}.Debug|Any CPU.Build.0 = Debug|Any CPU
		{13943809-5397-08f3-3b4f-620d1c7a9f34}.Debug|Any CPU.ActiveCfg = Debug|Any CPU
		{13943809-5397-08f3-3b4f-620d1c7a9f34}.Debug|Any CPU.Build.0 = Debug|Any CPU
		{8d0f72ed-c178-44ef-604a-f2fe5b9f611f}.Debug|Any CPU.ActiveCfg = Debug|Any CPU
		{8d0f72ed-c178-44ef-604a-f2fe5b9f611f}.Debug|Any CPU.Build.0 = Debug|Any CPU
		{3e0e7204-6f80-83da-dbf2-4583b6d16ddc}.Debug|Any CPU.ActiveCfg = Debug|Any CPU
		{3e0e7204-6f80-83da-dbf2-4583b6d16ddc}.Debug|Any CPU.Build.0 = Debug|Any CPU
		{26cf7ba9-8c49-2a72-79fe-519b3fc09f66}.Debug|Any CPU.ActiveCfg = Debug|Any CPU
		{26cf7ba9-8c49-2a72-79fe-519b3fc09f66}.Debug|Any CPU.Build.0 = Debug|Any CPU
		{4dc1ad72-c144-6823-f7e3-df3ed7164027}.Debug|Any CPU.ActiveCfg = Debug|Any CPU
		{4dc1ad72-c144-6823-f7e3-df3ed7164027}.Debug|Any CPU.Build.0 = Debug|Any CPU
		{6bd75228-c396-13b6-6fff-b0911b15add0}.Debug|Any CPU.ActiveCfg = Debug|Any CPU
		{6bd75228-c396-13b6-6fff-b0911b15add0}.Debug|Any CPU.Build.0 = Debug|Any CPU
		{1246e1f5-0e5f-7610-34f6-927c0c00ba75}.Debug|Any CPU.ActiveCfg = Debug|Any CPU
		{1246e1f5-0e5f-7610-34f6-927c0c00ba75}.Debug|Any CPU.Build.0 = Debug|Any CPU
		{cad70129-0775-f7db-25a8-4b2babe31364}.Debug|Any CPU.ActiveCfg = Debug|Any CPU
		{cad70129-0775-f7db-25a8-4b2babe31364}.Debug|Any CPU.Build.0 = Debug|Any CPU
		{9b924bb4-7d7c-64f6-6a6f-505afa21da41}.Debug|Any CPU.ActiveCfg = Debug|Any CPU
		{9b924bb4-7d7c-64f6-6a6f-505afa21da41}.Debug|Any CPU.Build.0 = Debug|Any CPU
		{01515f7f-f840-43d7-9b34-cddd307b9c19}.Debug|Any CPU.ActiveCfg = Debug|Any CPU
		{01515f7f-f840-43d7-9b34-cddd307b9c19}.Debug|Any CPU.Build.0 = Debug|Any CPU
		{c6b29b14-d2b0-2abc-6b66-74316cce7572}.Debug|Any CPU.ActiveCfg = Debug|Any CPU
		{c6b29b14-d2b0-2abc-6b66-74316cce7572}.Debug|Any CPU.Build.0 = Debug|Any CPU
		{3efa12ca-fc77-62b2-dfef-a0a62accb380}.Debug|Any CPU.ActiveCfg = Debug|Any CPU
		{3efa12ca-fc77-62b2-dfef-a0a62accb380}.Debug|Any CPU.Build.0 = Debug|Any CPU
		{b97ee652-2c7b-c2a4-22a9-12f302724677}.Debug|Any CPU.ActiveCfg = Debug|Any CPU
		{b97ee652-2c7b-c2a4-22a9-12f302724677}.Debug|Any CPU.Build.0 = Debug|Any CPU
		{9ea8a375-4163-5513-e091-ac7173260582}.Debug|Any CPU.ActiveCfg = Debug|Any CPU
		{9ea8a375-4163-5513-e091-ac7173260582}.Debug|Any CPU.Build.0 = Debug|Any CPU
		{d7b8dacd-60fb-b9b4-e077-abacf9bfbd1d}.Debug|Any CPU.ActiveCfg = Debug|Any CPU
		{d7b8dacd-60fb-b9b4-e077-abacf9bfbd1d}.Debug|Any CPU.Build.0 = Debug|Any CPU
		{a2286562-e88a-cb9f-5ca7-3224d8deda9d}.Debug|Any CPU.ActiveCfg = Debug|Any CPU
		{a2286562-e88a-cb9f-5ca7-3224d8deda9d}.Debug|Any CPU.Build.0 = Debug|Any CPU
		{35a03bd3-cb6d-5062-8c46-c1c3d58de02b}.Debug|Any CPU.ActiveCfg = Debug|Any CPU
		{35a03bd3-cb6d-5062-8c46-c1c3d58de02b}.Debug|Any CPU.Build.0 = Debug|Any CPU
		{09ca6290-ee66-f67c-51c0-0c4a125eb343}.Debug|Any CPU.ActiveCfg = Debug|Any CPU
		{09ca6290-ee66-f67c-51c0-0c4a125eb343}.Debug|Any CPU.Build.0 = Debug|Any CPU
		{a0a402ff-0cc5-69ab-cfde-7e577ec50c00}.Debug|Any CPU.ActiveCfg = Debug|Any CPU
		{a0a402ff-0cc5-69ab-cfde-7e577ec50c00}.Debug|Any CPU.Build.0 = Debug|Any CPU
		{a45b27d5-b678-1fe4-2be4-4102bf56cf64}.Debug|Any CPU.ActiveCfg = Debug|Any CPU
		{a45b27d5-b678-1fe4-2be4-4102bf56cf64}.Debug|Any CPU.Build.0 = Debug|Any CPU
		{892b7701-6691-5d76-93fe-064934646691}.Debug|Any CPU.ActiveCfg = Debug|Any CPU
		{892b7701-6691-5d76-93fe-064934646691}.Debug|Any CPU.Build.0 = Debug|Any CPU
		{6a37938e-269e-b83c-1194-3c433da04fae}.Debug|Any CPU.ActiveCfg = Debug|Any CPU
		{6a37938e-269e-b83c-1194-3c433da04fae}.Debug|Any CPU.Build.0 = Debug|Any CPU
		{7c939a01-5b7e-cea0-5d97-911be94327c6}.Debug|Any CPU.ActiveCfg = Debug|Any CPU
		{7c939a01-5b7e-cea0-5d97-911be94327c6}.Debug|Any CPU.Build.0 = Debug|Any CPU
		{689f95ee-d046-0a51-bffe-c47f3d566203}.Debug|Any CPU.ActiveCfg = Debug|Any CPU
		{689f95ee-d046-0a51-bffe-c47f3d566203}.Debug|Any CPU.Build.0 = Debug|Any CPU
		{e7387a80-ec4b-ced6-0e71-1bc4b1f8530d}.Debug|Any CPU.ActiveCfg = Debug|Any CPU
		{e7387a80-ec4b-ced6-0e71-1bc4b1f8530d}.Debug|Any CPU.Build.0 = Debug|Any CPU
		{3d91d5ec-caa2-be14-86e4-08a093cca3ce}.Debug|Any CPU.ActiveCfg = Debug|Any CPU
		{3d91d5ec-caa2-be14-86e4-08a093cca3ce}.Debug|Any CPU.Build.0 = Debug|Any CPU
		{f6856fbd-f41d-a893-cd19-5897a292dd94}.Debug|Any CPU.ActiveCfg = Debug|Any CPU
		{f6856fbd-f41d-a893-cd19-5897a292dd94}.Debug|Any CPU.Build.0 = Debug|Any CPU
		{34335a96-1266-0031-e7cb-d697aaf2c02f}.Debug|Any CPU.ActiveCfg = Debug|Any CPU
		{34335a96-1266-0031-e7cb-d697aaf2c02f}.Debug|Any CPU.Build.0 = Debug|Any CPU
		{8cd3d237-d776-6d55-849f-0efcfc442322}.Debug|Any CPU.ActiveCfg = Debug|Any CPU
		{8cd3d237-d776-6d55-849f-0efcfc442322}.Debug|Any CPU.Build.0 = Debug|Any CPU
		{034000c8-7cd4-8cdc-bcec-0b1f061fed39}.Debug|Any CPU.ActiveCfg = Debug|Any CPU
		{034000c8-7cd4-8cdc-bcec-0b1f061fed39}.Debug|Any CPU.Build.0 = Debug|Any CPU
		{bbd7b469-1211-a74a-56fe-29f338122b41}.Debug|Any CPU.ActiveCfg = Debug|Any CPU
		{bbd7b469-1211-a74a-56fe-29f338122b41}.Debug|Any CPU.Build.0 = Debug|Any CPU
		{5a149868-30bd-9e00-8435-89cd8aa82c7a}.Debug|Any CPU.ActiveCfg = Debug|Any CPU
		{5a149868-30bd-9e00-8435-89cd8aa82c7a}.Debug|Any CPU.Build.0 = Debug|Any CPU
		{d0150f14-c004-a213-8238-5c5cf0d22040}.Debug|Any CPU.ActiveCfg = Debug|Any CPU
		{d0150f14-c004-a213-8238-5c5cf0d22040}.Debug|Any CPU.Build.0 = Debug|Any CPU
		{2df6bdd4-9137-224b-4a1a-6d0b44a80538}.Debug|Any CPU.ActiveCfg = Debug|Any CPU
		{2df6bdd4-9137-224b-4a1a-6d0b44a80538}.Debug|Any CPU.Build.0 = Debug|Any CPU
		{0aa70cde-5264-35c6-9413-d2239b249b70}.Debug|Any CPU.ActiveCfg = Debug|Any CPU
		{0aa70cde-5264-35c6-9413-d2239b249b70}.Debug|Any CPU.Build.0 = Debug|Any CPU
		{d2f4ebef-2048-ecb6-b161-f5a13aa7d5e0}.Debug|Any CPU.ActiveCfg = Debug|Any CPU
		{d2f4ebef-2048-ecb6-b161-f5a13aa7d5e0}.Debug|Any CPU.Build.0 = Debug|Any CPU
		{edf441aa-3692-ccdb-90f7-c74ae62f2bd0}.Debug|Any CPU.ActiveCfg = Debug|Any CPU
		{edf441aa-3692-ccdb-90f7-c74ae62f2bd0}.Debug|Any CPU.Build.0 = Debug|Any CPU
		{cf130c30-eda4-ca24-d518-92ebaae82386}.Debug|Any CPU.ActiveCfg = Debug|Any CPU
		{cf130c30-eda4-ca24-d518-92ebaae82386}.Debug|Any CPU.Build.0 = Debug|Any CPU
		{9ec58560-50ea-f4a6-3199-7a9699e10497}.Debug|Any CPU.ActiveCfg = Debug|Any CPU
		{9ec58560-50ea-f4a6-3199-7a9699e10497}.Debug|Any CPU.Build.0 = Debug|Any CPU
		{7d7b52c0-5ea0-e128-4eba-924b164b59fa}.Debug|Any CPU.ActiveCfg = Debug|Any CPU
		{7d7b52c0-5ea0-e128-4eba-924b164b59fa}.Debug|Any CPU.Build.0 = Debug|Any CPU
		{65f9e5c7-0441-b5b6-3601-892c0e077190}.Debug|Any CPU.ActiveCfg = Debug|Any CPU
		{65f9e5c7-0441-b5b6-3601-892c0e077190}.Debug|Any CPU.Build.0 = Debug|Any CPU
		{1c93294b-7656-655e-89ac-c432647bdfe8}.Debug|Any CPU.ActiveCfg = Debug|Any CPU
		{1c93294b-7656-655e-89ac-c432647bdfe8}.Debug|Any CPU.Build.0 = Debug|Any CPU
	EndGlobalSection
	GlobalSection(SolutionProperties) = preSolution
		HideSolutionNode = FALSE
	EndGlobalSection
EndGlobal
